// !$*UTF8*$!
{
	archiveVersion = 1;
	classes = {
	};
	objectVersion = 77;
	objects = {

/* Begin PBXContainerItemProxy section */
		2712B8C62D49F1CF00895FE1 /* PBXContainerItemProxy */ = {
			isa = PBXContainerItemProxy;
			containerPortal = 2712B8AD2D49F1CB00895FE1 /* Project object */;
			proxyType = 1;
			remoteGlobalIDString = 2712B8B42D49F1CB00895FE1;
			remoteInfo = "ATC-training";
		};
		2712B8D02D49F1CF00895FE1 /* PBXContainerItemProxy */ = {
			isa = PBXContainerItemProxy;
			containerPortal = 2712B8AD2D49F1CB00895FE1 /* Project object */;
			proxyType = 1;
			remoteGlobalIDString = 2712B8B42D49F1CB00895FE1;
			remoteInfo = "ATC-training";
		};
/* End PBXContainerItemProxy section */

/* Begin PBXFileReference section */
		2712B8B52D49F1CB00895FE1 /* ATC-training.app */ = {isa = PBXFileReference; explicitFileType = wrapper.application; includeInIndex = 0; path = "ATC-training.app"; sourceTree = BUILT_PRODUCTS_DIR; };
		2712B8C52D49F1CF00895FE1 /* ATC-trainingTests.xctest */ = {isa = PBXFileReference; explicitFileType = wrapper.cfbundle; includeInIndex = 0; path = "ATC-trainingTests.xctest"; sourceTree = BUILT_PRODUCTS_DIR; };
		2712B8CF2D49F1CF00895FE1 /* ATC-trainingUITests.xctest */ = {isa = PBXFileReference; explicitFileType = wrapper.cfbundle; includeInIndex = 0; path = "ATC-trainingUITests.xctest"; sourceTree = BUILT_PRODUCTS_DIR; };
/* End PBXFileReference section */

/* Begin PBXFileSystemSynchronizedRootGroup section */
		2712B8B72D49F1CB00895FE1 /* ATC-training */ = {
			isa = PBXFileSystemSynchronizedRootGroup;
			path = "ATC-training";
			sourceTree = "<group>";
		};
		2712B8C82D49F1CF00895FE1 /* ATC-trainingTests */ = {
			isa = PBXFileSystemSynchronizedRootGroup;
			path = "ATC-trainingTests";
			sourceTree = "<group>";
		};
		2712B8D22D49F1CF00895FE1 /* ATC-trainingUITests */ = {
			isa = PBXFileSystemSynchronizedRootGroup;
			path = "ATC-trainingUITests";
			sourceTree = "<group>";
		};
/* End PBXFileSystemSynchronizedRootGroup section */

/* Begin PBXFrameworksBuildPhase section */
		2712B8B22D49F1CB00895FE1 /* Frameworks */ = {
			isa = PBXFrameworksBuildPhase;
			buildActionMask = 2147483647;
			files = (
			);
			runOnlyForDeploymentPostprocessing = 0;
		};
		2712B8C22D49F1CF00895FE1 /* Frameworks */ = {
			isa = PBXFrameworksBuildPhase;
			buildActionMask = 2147483647;
			files = (
			);
			runOnlyForDeploymentPostprocessing = 0;
		};
		2712B8CC2D49F1CF00895FE1 /* Frameworks */ = {
			isa = PBXFrameworksBuildPhase;
			buildActionMask = 2147483647;
			files = (
			);
			runOnlyForDeploymentPostprocessing = 0;
		};
/* End PBXFrameworksBuildPhase section */

/* Begin PBXGroup section */
		2712B8AC2D49F1CB00895FE1 = {
			isa = PBXGroup;
			children = (
				2712B8B72D49F1CB00895FE1 /* ATC-training */,
				2712B8C82D49F1CF00895FE1 /* ATC-trainingTests */,
				2712B8D22D49F1CF00895FE1 /* ATC-trainingUITests */,
				2712B8B62D49F1CB00895FE1 /* Products */,
			);
			sourceTree = "<group>";
		};
		2712B8B62D49F1CB00895FE1 /* Products */ = {
			isa = PBXGroup;
			children = (
				2712B8B52D49F1CB00895FE1 /* ATC-training.app */,
				2712B8C52D49F1CF00895FE1 /* ATC-trainingTests.xctest */,
				2712B8CF2D49F1CF00895FE1 /* ATC-trainingUITests.xctest */,
			);
			name = Products;
			sourceTree = "<group>";
		};
/* End PBXGroup section */

/* Begin PBXNativeTarget section */
		2712B8B42D49F1CB00895FE1 /* ATC-training */ = {
			isa = PBXNativeTarget;
			buildConfigurationList = 2712B8D92D49F1CF00895FE1 /* Build configuration list for PBXNativeTarget "ATC-training" */;
			buildPhases = (
				2712B8B12D49F1CB00895FE1 /* Sources */,
				2712B8B22D49F1CB00895FE1 /* Frameworks */,
				2712B8B32D49F1CB00895FE1 /* Resources */,
			);
			buildRules = (
			);
			dependencies = (
			);
			fileSystemSynchronizedGroups = (
				2712B8B72D49F1CB00895FE1 /* ATC-training */,
			);
			name = "ATC-training";
			packageProductDependencies = (
			);
			productName = "ATC-training";
			productReference = 2712B8B52D49F1CB00895FE1 /* ATC-training.app */;
			productType = "com.apple.product-type.application";
		};
		2712B8C42D49F1CF00895FE1 /* ATC-trainingTests */ = {
			isa = PBXNativeTarget;
			buildConfigurationList = 2712B8DC2D49F1CF00895FE1 /* Build configuration list for PBXNativeTarget "ATC-trainingTests" */;
			buildPhases = (
				2712B8C12D49F1CF00895FE1 /* Sources */,
				2712B8C22D49F1CF00895FE1 /* Frameworks */,
				2712B8C32D49F1CF00895FE1 /* Resources */,
			);
			buildRules = (
			);
			dependencies = (
				2712B8C72D49F1CF00895FE1 /* PBXTargetDependency */,
			);
			fileSystemSynchronizedGroups = (
				2712B8C82D49F1CF00895FE1 /* ATC-trainingTests */,
			);
			name = "ATC-trainingTests";
			packageProductDependencies = (
			);
			productName = "ATC-trainingTests";
			productReference = 2712B8C52D49F1CF00895FE1 /* ATC-trainingTests.xctest */;
			productType = "com.apple.product-type.bundle.unit-test";
		};
		2712B8CE2D49F1CF00895FE1 /* ATC-trainingUITests */ = {
			isa = PBXNativeTarget;
			buildConfigurationList = 2712B8DF2D49F1CF00895FE1 /* Build configuration list for PBXNativeTarget "ATC-trainingUITests" */;
			buildPhases = (
				2712B8CB2D49F1CF00895FE1 /* Sources */,
				2712B8CC2D49F1CF00895FE1 /* Frameworks */,
				2712B8CD2D49F1CF00895FE1 /* Resources */,
			);
			buildRules = (
			);
			dependencies = (
				2712B8D12D49F1CF00895FE1 /* PBXTargetDependency */,
			);
			fileSystemSynchronizedGroups = (
				2712B8D22D49F1CF00895FE1 /* ATC-trainingUITests */,
			);
			name = "ATC-trainingUITests";
			packageProductDependencies = (
			);
			productName = "ATC-trainingUITests";
			productReference = 2712B8CF2D49F1CF00895FE1 /* ATC-trainingUITests.xctest */;
			productType = "com.apple.product-type.bundle.ui-testing";
		};
/* End PBXNativeTarget section */

/* Begin PBXProject section */
		2712B8AD2D49F1CB00895FE1 /* Project object */ = {
			isa = PBXProject;
			attributes = {
				BuildIndependentTargetsInParallel = 1;
				LastSwiftUpdateCheck = 1620;
				LastUpgradeCheck = 1620;
				TargetAttributes = {
					2712B8B42D49F1CB00895FE1 = {
						CreatedOnToolsVersion = 16.2;
					};
					2712B8C42D49F1CF00895FE1 = {
						CreatedOnToolsVersion = 16.2;
						TestTargetID = 2712B8B42D49F1CB00895FE1;
					};
					2712B8CE2D49F1CF00895FE1 = {
						CreatedOnToolsVersion = 16.2;
						TestTargetID = 2712B8B42D49F1CB00895FE1;
					};
				};
			};
			buildConfigurationList = 2712B8B02D49F1CB00895FE1 /* Build configuration list for PBXProject "ATC-training" */;
			developmentRegion = en;
			hasScannedForEncodings = 0;
			knownRegions = (
				en,
				Base,
			);
			mainGroup = 2712B8AC2D49F1CB00895FE1;
			minimizedProjectReferenceProxies = 1;
			preferredProjectObjectVersion = 77;
			productRefGroup = 2712B8B62D49F1CB00895FE1 /* Products */;
			projectDirPath = "";
			projectRoot = "";
			targets = (
				2712B8B42D49F1CB00895FE1 /* ATC-training */,
				2712B8C42D49F1CF00895FE1 /* ATC-trainingTests */,
				2712B8CE2D49F1CF00895FE1 /* ATC-trainingUITests */,
			);
		};
/* End PBXProject section */

/* Begin PBXResourcesBuildPhase section */
		2712B8B32D49F1CB00895FE1 /* Resources */ = {
			isa = PBXResourcesBuildPhase;
			buildActionMask = 2147483647;
			files = (
			);
			runOnlyForDeploymentPostprocessing = 0;
		};
		2712B8C32D49F1CF00895FE1 /* Resources */ = {
			isa = PBXResourcesBuildPhase;
			buildActionMask = 2147483647;
			files = (
			);
			runOnlyForDeploymentPostprocessing = 0;
		};
		2712B8CD2D49F1CF00895FE1 /* Resources */ = {
			isa = PBXResourcesBuildPhase;
			buildActionMask = 2147483647;
			files = (
			);
			runOnlyForDeploymentPostprocessing = 0;
		};
/* End PBXResourcesBuildPhase section */

/* Begin PBXSourcesBuildPhase section */
		2712B8B12D49F1CB00895FE1 /* Sources */ = {
			isa = PBXSourcesBuildPhase;
			buildActionMask = 2147483647;
			files = (
			);
			runOnlyForDeploymentPostprocessing = 0;
		};
		2712B8C12D49F1CF00895FE1 /* Sources */ = {
			isa = PBXSourcesBuildPhase;
			buildActionMask = 2147483647;
			files = (
			);
			runOnlyForDeploymentPostprocessing = 0;
		};
		2712B8CB2D49F1CF00895FE1 /* Sources */ = {
			isa = PBXSourcesBuildPhase;
			buildActionMask = 2147483647;
			files = (
			);
			runOnlyForDeploymentPostprocessing = 0;
		};
/* End PBXSourcesBuildPhase section */

/* Begin PBXTargetDependency section */
		2712B8C72D49F1CF00895FE1 /* PBXTargetDependency */ = {
			isa = PBXTargetDependency;
			target = 2712B8B42D49F1CB00895FE1 /* ATC-training */;
			targetProxy = 2712B8C62D49F1CF00895FE1 /* PBXContainerItemProxy */;
		};
		2712B8D12D49F1CF00895FE1 /* PBXTargetDependency */ = {
			isa = PBXTargetDependency;
			target = 2712B8B42D49F1CB00895FE1 /* ATC-training */;
			targetProxy = 2712B8D02D49F1CF00895FE1 /* PBXContainerItemProxy */;
		};
/* End PBXTargetDependency section */

/* Begin XCBuildConfiguration section */
		2712B8D72D49F1CF00895FE1 /* Debug */ = {
			isa = XCBuildConfiguration;
			buildSettings = {
				ALWAYS_SEARCH_USER_PATHS = NO;
				ASSETCATALOG_COMPILER_GENERATE_SWIFT_ASSET_SYMBOL_EXTENSIONS = YES;
				CLANG_ANALYZER_NONNULL = YES;
				CLANG_ANALYZER_NUMBER_OBJECT_CONVERSION = YES_AGGRESSIVE;
				CLANG_CXX_LANGUAGE_STANDARD = "gnu++20";
				CLANG_ENABLE_MODULES = YES;
				CLANG_ENABLE_OBJC_ARC = YES;
				CLANG_ENABLE_OBJC_WEAK = YES;
				CLANG_WARN_BLOCK_CAPTURE_AUTORELEASING = YES;
				CLANG_WARN_BOOL_CONVERSION = YES;
				CLANG_WARN_COMMA = YES;
				CLANG_WARN_CONSTANT_CONVERSION = YES;
				CLANG_WARN_DEPRECATED_OBJC_IMPLEMENTATIONS = YES;
				CLANG_WARN_DIRECT_OBJC_ISA_USAGE = YES_ERROR;
				CLANG_WARN_DOCUMENTATION_COMMENTS = YES;
				CLANG_WARN_EMPTY_BODY = YES;
				CLANG_WARN_ENUM_CONVERSION = YES;
				CLANG_WARN_INFINITE_RECURSION = YES;
				CLANG_WARN_INT_CONVERSION = YES;
				CLANG_WARN_NON_LITERAL_NULL_CONVERSION = YES;
				CLANG_WARN_OBJC_IMPLICIT_RETAIN_SELF = YES;
				CLANG_WARN_OBJC_LITERAL_CONVERSION = YES;
				CLANG_WARN_OBJC_ROOT_CLASS = YES_ERROR;
				CLANG_WARN_QUOTED_INCLUDE_IN_FRAMEWORK_HEADER = YES;
				CLANG_WARN_RANGE_LOOP_ANALYSIS = YES;
				CLANG_WARN_STRICT_PROTOTYPES = YES;
				CLANG_WARN_SUSPICIOUS_MOVE = YES;
				CLANG_WARN_UNGUARDED_AVAILABILITY = YES_AGGRESSIVE;
				CLANG_WARN_UNREACHABLE_CODE = YES;
				CLANG_WARN__DUPLICATE_METHOD_MATCH = YES;
				COPY_PHASE_STRIP = NO;
				DEBUG_INFORMATION_FORMAT = dwarf;
				ENABLE_STRICT_OBJC_MSGSEND = YES;
				ENABLE_TESTABILITY = YES;
				ENABLE_USER_SCRIPT_SANDBOXING = YES;
				GCC_C_LANGUAGE_STANDARD = gnu17;
				GCC_DYNAMIC_NO_PIC = NO;
				GCC_NO_COMMON_BLOCKS = YES;
				GCC_OPTIMIZATION_LEVEL = 0;
				GCC_PREPROCESSOR_DEFINITIONS = (
					"DEBUG=1",
					"$(inherited)",
				);
				GCC_WARN_64_TO_32_BIT_CONVERSION = YES;
				GCC_WARN_ABOUT_RETURN_TYPE = YES_ERROR;
				GCC_WARN_UNDECLARED_SELECTOR = YES;
				GCC_WARN_UNINITIALIZED_AUTOS = YES_AGGRESSIVE;
				GCC_WARN_UNUSED_FUNCTION = YES;
				GCC_WARN_UNUSED_VARIABLE = YES;
				IPHONEOS_DEPLOYMENT_TARGET = 18.2;
				LOCALIZATION_PREFERS_STRING_CATALOGS = YES;
				MTL_ENABLE_DEBUG_INFO = INCLUDE_SOURCE;
				MTL_FAST_MATH = YES;
				ONLY_ACTIVE_ARCH = YES;
				SDKROOT = iphoneos;
				SWIFT_ACTIVE_COMPILATION_CONDITIONS = "DEBUG $(inherited)";
				SWIFT_OPTIMIZATION_LEVEL = "-Onone";
			};
			name = Debug;
		};
		2712B8D82D49F1CF00895FE1 /* Release */ = {
			isa = XCBuildConfiguration;
			buildSettings = {
				ALWAYS_SEARCH_USER_PATHS = NO;
				ASSETCATALOG_COMPILER_GENERATE_SWIFT_ASSET_SYMBOL_EXTENSIONS = YES;
				CLANG_ANALYZER_NONNULL = YES;
				CLANG_ANALYZER_NUMBER_OBJECT_CONVERSION = YES_AGGRESSIVE;
				CLANG_CXX_LANGUAGE_STANDARD = "gnu++20";
				CLANG_ENABLE_MODULES = YES;
				CLANG_ENABLE_OBJC_ARC = YES;
				CLANG_ENABLE_OBJC_WEAK = YES;
				CLANG_WARN_BLOCK_CAPTURE_AUTORELEASING = YES;
				CLANG_WARN_BOOL_CONVERSION = YES;
				CLANG_WARN_COMMA = YES;
				CLANG_WARN_CONSTANT_CONVERSION = YES;
				CLANG_WARN_DEPRECATED_OBJC_IMPLEMENTATIONS = YES;
				CLANG_WARN_DIRECT_OBJC_ISA_USAGE = YES_ERROR;
				CLANG_WARN_DOCUMENTATION_COMMENTS = YES;
				CLANG_WARN_EMPTY_BODY = YES;
				CLANG_WARN_ENUM_CONVERSION = YES;
				CLANG_WARN_INFINITE_RECURSION = YES;
				CLANG_WARN_INT_CONVERSION = YES;
				CLANG_WARN_NON_LITERAL_NULL_CONVERSION = YES;
				CLANG_WARN_OBJC_IMPLICIT_RETAIN_SELF = YES;
				CLANG_WARN_OBJC_LITERAL_CONVERSION = YES;
				CLANG_WARN_OBJC_ROOT_CLASS = YES_ERROR;
				CLANG_WARN_QUOTED_INCLUDE_IN_FRAMEWORK_HEADER = YES;
				CLANG_WARN_RANGE_LOOP_ANALYSIS = YES;
				CLANG_WARN_STRICT_PROTOTYPES = YES;
				CLANG_WARN_SUSPICIOUS_MOVE = YES;
				CLANG_WARN_UNGUARDED_AVAILABILITY = YES_AGGRESSIVE;
				CLANG_WARN_UNREACHABLE_CODE = YES;
				CLANG_WARN__DUPLICATE_METHOD_MATCH = YES;
				COPY_PHASE_STRIP = NO;
				DEBUG_INFORMATION_FORMAT = "dwarf-with-dsym";
				ENABLE_NS_ASSERTIONS = NO;
				ENABLE_STRICT_OBJC_MSGSEND = YES;
				ENABLE_USER_SCRIPT_SANDBOXING = YES;
				GCC_C_LANGUAGE_STANDARD = gnu17;
				GCC_NO_COMMON_BLOCKS = YES;
				GCC_WARN_64_TO_32_BIT_CONVERSION = YES;
				GCC_WARN_ABOUT_RETURN_TYPE = YES_ERROR;
				GCC_WARN_UNDECLARED_SELECTOR = YES;
				GCC_WARN_UNINITIALIZED_AUTOS = YES_AGGRESSIVE;
				GCC_WARN_UNUSED_FUNCTION = YES;
				GCC_WARN_UNUSED_VARIABLE = YES;
				IPHONEOS_DEPLOYMENT_TARGET = 18.2;
				LOCALIZATION_PREFERS_STRING_CATALOGS = YES;
				MTL_ENABLE_DEBUG_INFO = NO;
				MTL_FAST_MATH = YES;
				SDKROOT = iphoneos;
				SWIFT_COMPILATION_MODE = wholemodule;
				VALIDATE_PRODUCT = YES;
			};
			name = Release;
		};
		2712B8DA2D49F1CF00895FE1 /* Debug */ = {
			isa = XCBuildConfiguration;
			buildSettings = {
				ASSETCATALOG_COMPILER_APPICON_NAME = AppIcon;
				ASSETCATALOG_COMPILER_GLOBAL_ACCENT_COLOR_NAME = AccentColor;
				CODE_SIGN_STYLE = Automatic;
				CURRENT_PROJECT_VERSION = 1;
				DEVELOPMENT_ASSET_PATHS = "\"ATC-training/Preview Content\"";
				DEVELOPMENT_TEAM = ZPLC3J6QGH;
				ENABLE_PREVIEWS = YES;
				GENERATE_INFOPLIST_FILE = YES;
				INFOPLIST_KEY_UIApplicationSceneManifest_Generation = YES;
				INFOPLIST_KEY_UIApplicationSupportsIndirectInputEvents = YES;
				INFOPLIST_KEY_UILaunchScreen_Generation = YES;
				INFOPLIST_KEY_UISupportedInterfaceOrientations_iPad = "UIInterfaceOrientationPortrait UIInterfaceOrientationPortraitUpsideDown UIInterfaceOrientationLandscapeLeft UIInterfaceOrientationLandscapeRight";
				INFOPLIST_KEY_UISupportedInterfaceOrientations_iPhone = "UIInterfaceOrientationPortrait UIInterfaceOrientationLandscapeLeft UIInterfaceOrientationLandscapeRight";
				LD_RUNPATH_SEARCH_PATHS = (
					"$(inherited)",
					"@executable_path/Frameworks",
				);
				MARKETING_VERSION = 1.0;
				PRODUCT_BUNDLE_IDENTIFIER = "taiga.ATC-training";
				PRODUCT_NAME = "$(TARGET_NAME)";
				SWIFT_EMIT_LOC_STRINGS = YES;
				SWIFT_VERSION = 5.0;
				TARGETED_DEVICE_FAMILY = "1,2";
			};
			name = Debug;
		};
		2712B8DB2D49F1CF00895FE1 /* Release */ = {
			isa = XCBuildConfiguration;
			buildSettings = {
				ASSETCATALOG_COMPILER_APPICON_NAME = AppIcon;
				ASSETCATALOG_COMPILER_GLOBAL_ACCENT_COLOR_NAME = AccentColor;
				CODE_SIGN_STYLE = Automatic;
				CURRENT_PROJECT_VERSION = 1;
				DEVELOPMENT_ASSET_PATHS = "\"ATC-training/Preview Content\"";
				DEVELOPMENT_TEAM = ZPLC3J6QGH;
				ENABLE_PREVIEWS = YES;
				GENERATE_INFOPLIST_FILE = YES;
				INFOPLIST_KEY_UIApplicationSceneManifest_Generation = YES;
				INFOPLIST_KEY_UIApplicationSupportsIndirectInputEvents = YES;
				INFOPLIST_KEY_UILaunchScreen_Generation = YES;
				INFOPLIST_KEY_UISupportedInterfaceOrientations_iPad = "UIInterfaceOrientationPortrait UIInterfaceOrientationPortraitUpsideDown UIInterfaceOrientationLandscapeLeft UIInterfaceOrientationLandscapeRight";
				INFOPLIST_KEY_UISupportedInterfaceOrientations_iPhone = "UIInterfaceOrientationPortrait UIInterfaceOrientationLandscapeLeft UIInterfaceOrientationLandscapeRight";
				LD_RUNPATH_SEARCH_PATHS = (
					"$(inherited)",
					"@executable_path/Frameworks",
				);
				MARKETING_VERSION = 1.0;
				PRODUCT_BUNDLE_IDENTIFIER = "taiga.ATC-training";
				PRODUCT_NAME = "$(TARGET_NAME)";
				SWIFT_EMIT_LOC_STRINGS = YES;
				SWIFT_VERSION = 5.0;
				TARGETED_DEVICE_FAMILY = "1,2";
			};
			name = Release;
		};
		2712B8DD2D49F1CF00895FE1 /* Debug */ = {
			isa = XCBuildConfiguration;
			buildSettings = {
				BUNDLE_LOADER = "$(TEST_HOST)";
				CODE_SIGN_STYLE = Automatic;
				CURRENT_PROJECT_VERSION = 1;
				DEVELOPMENT_TEAM = ZPLC3J6QGH;
				GENERATE_INFOPLIST_FILE = YES;
				IPHONEOS_DEPLOYMENT_TARGET = 18.2;
				MARKETING_VERSION = 1.0;
				PRODUCT_BUNDLE_IDENTIFIER = "taiga.ATC-trainingTests";
				PRODUCT_NAME = "$(TARGET_NAME)";
				SWIFT_EMIT_LOC_STRINGS = NO;
				SWIFT_VERSION = 5.0;
				TARGETED_DEVICE_FAMILY = "1,2";
				TEST_HOST = "$(BUILT_PRODUCTS_DIR)/ATC-training.app/$(BUNDLE_EXECUTABLE_FOLDER_PATH)/ATC-training";
			};
			name = Debug;
		};
		2712B8DE2D49F1CF00895FE1 /* Release */ = {
			isa = XCBuildConfiguration;
			buildSettings = {
				BUNDLE_LOADER = "$(TEST_HOST)";
				CODE_SIGN_STYLE = Automatic;
				CURRENT_PROJECT_VERSION = 1;
				DEVELOPMENT_TEAM = ZPLC3J6QGH;
				GENERATE_INFOPLIST_FILE = YES;
				IPHONEOS_DEPLOYMENT_TARGET = 18.2;
				MARKETING_VERSION = 1.0;
				PRODUCT_BUNDLE_IDENTIFIER = "taiga.ATC-trainingTests";
				PRODUCT_NAME = "$(TARGET_NAME)";
				SWIFT_EMIT_LOC_STRINGS = NO;
				SWIFT_VERSION = 5.0;
				TARGETED_DEVICE_FAMILY = "1,2";
				TEST_HOST = "$(BUILT_PRODUCTS_DIR)/ATC-training.app/$(BUNDLE_EXECUTABLE_FOLDER_PATH)/ATC-training";
			};
			name = Release;
		};
		2712B8E02D49F1CF00895FE1 /* Debug */ = {
			isa = XCBuildConfiguration;
			buildSettings = {
				CODE_SIGN_STYLE = Automatic;
				CURRENT_PROJECT_VERSION = 1;
				DEVELOPMENT_TEAM = ZPLC3J6QGH;
				GENERATE_INFOPLIST_FILE = YES;
				MARKETING_VERSION = 1.0;
				PRODUCT_BUNDLE_IDENTIFIER = "taiga.ATC-trainingUITests";
				PRODUCT_NAME = "$(TARGET_NAME)";
				SWIFT_EMIT_LOC_STRINGS = NO;
				SWIFT_VERSION = 5.0;
				TARGETED_DEVICE_FAMILY = "1,2";
				TEST_TARGET_NAME = "ATC-training";
			};
			name = Debug;
		};
		2712B8E12D49F1CF00895FE1 /* Release */ = {
			isa = XCBuildConfiguration;
			buildSettings = {
				CODE_SIGN_STYLE = Automatic;
				CURRENT_PROJECT_VERSION = 1;
				DEVELOPMENT_TEAM = ZPLC3J6QGH;
				GENERATE_INFOPLIST_FILE = YES;
				MARKETING_VERSION = 1.0;
				PRODUCT_BUNDLE_IDENTIFIER = "taiga.ATC-trainingUITests";
				PRODUCT_NAME = "$(TARGET_NAME)";
				SWIFT_EMIT_LOC_STRINGS = NO;
				SWIFT_VERSION = 5.0;
				TARGETED_DEVICE_FAMILY = "1,2";
				TEST_TARGET_NAME = "ATC-training";
			};
			name = Release;
		};
/* End XCBuildConfiguration section */

/* Begin XCConfigurationList section */
		2712B8B02D49F1CB00895FE1 /* Build configuration list for PBXProject "ATC-training" */ = {
			isa = XCConfigurationList;
			buildConfigurations = (
				2712B8D72D49F1CF00895FE1 /* Debug */,
				2712B8D82D49F1CF00895FE1 /* Release */,
			);
			defaultConfigurationIsVisible = 0;
			defaultConfigurationName = Release;
		};
		2712B8D92D49F1CF00895FE1 /* Build configuration list for PBXNativeTarget "ATC-training" */ = {
			isa = XCConfigurationList;
			buildConfigurations = (
				2712B8DA2D49F1CF00895FE1 /* Debug */,
				2712B8DB2D49F1CF00895FE1 /* Release */,
			);
			defaultConfigurationIsVisible = 0;
			defaultConfigurationName = Release;
		};
		2712B8DC2D49F1CF00895FE1 /* Build configuration list for PBXNativeTarget "ATC-trainingTests" */ = {
			isa = XCConfigurationList;
			buildConfigurations = (
				2712B8DD2D49F1CF00895FE1 /* Debug */,
				2712B8DE2D49F1CF00895FE1 /* Release */,
			);
			defaultConfigurationIsVisible = 0;
			defaultConfigurationName = Release;
		};
		2712B8DF2D49F1CF00895FE1 /* Build configuration list for PBXNativeTarget "ATC-trainingUITests" */ = {
			isa = XCConfigurationList;
			buildConfigurations = (
				2712B8E02D49F1CF00895FE1 /* Debug */,
				2712B8E12D49F1CF00895FE1 /* Release */,
			);
			defaultConfigurationIsVisible = 0;
			defaultConfigurationName = Release;
		};
/* End XCConfigurationList section */
	};
	rootObject = 2712B8AD2D49F1CB00895FE1 /* Project object */;
}
